
Microsoft Visual Studio Solution File, Format Version 12.00
Project("{FAE04EC0-301F-11D3-BF4B-00C04F79EFBC}") = "RLZZ.Timesheet.Api", "RLZZ.Timesheet.Api\RLZZ.Timesheet.Api.csproj", "{5A9C7A56-5D28-42A4-A647-BACA5799F345}"
EndProject
Project("{2150E333-8FDC-42A3-9474-1A3956D46DE8}") = "Modules", "Modules", "{717C019A-42EB-4399-B6C5-23DCCD93BF33}"
EndProject
Project("{FAE04EC0-301F-11D3-BF4B-00C04F79EFBC}") = "RLZZ.Timesheet.Holiday", "RLZZ.Timesheet.Holiday\RLZZ.Timesheet.Holiday.csproj", "{9B88333B-5AA5-4749-BC4E-60509945EB95}"
EndProject
Project("{FAE04EC0-301F-11D3-BF4B-00C04F79EFBC}") = "RLZZ.Timesheet.ProjectType", "RLZZ.Timesheet.ProjectType\RLZZ.Timesheet.ProjectType.csproj", "{48802094-2419-472A-9459-AEB39DC6F82C}"
EndProject
Project("{FAE04EC0-301F-11D3-BF4B-00C04F79EFBC}") = "RLZZ.Timesheet.Project", "RLZZ.Timesheet.Project\RLZZ.Timesheet.Project.csproj", "{76E1F94A-4B3E-4074-9B30-D1CFC81F3F51}"
EndProject
Project("{FAE04EC0-301F-11D3-BF4B-00C04F79EFBC}") = "RLZZ.Timesheet.Users", "RLZZ.Timesheet.Users\RLZZ.Timesheet.Users.csproj", "{9F189024-57A5-4931-B3FA-B36E20CC5350}"
EndProject
Project("{FAE04EC0-301F-11D3-BF4B-00C04F79EFBC}") = "RLZZ.Timesheet.Group", "RLZZ.Timesheet.Group\RLZZ.Timesheet.Group.csproj", "{99583CA0-F138-4E96-86CE-BBB6FC110D13}"
EndProject
Project("{FAE04EC0-301F-11D3-BF4B-00C04F79EFBC}") = "RLZZ.Timesheet.Client", "RLZZ.Timesheet.Client\RLZZ.Timesheet.Client.csproj", "{8B7981EB-9BE1-48D3-8851-10E15875F091}"
EndProject
Project("{FAE04EC0-301F-11D3-BF4B-00C04F79EFBC}") = "RLZZ.Timesheet.SystemParameter", "RLZZ.Timesheet.SystemParameter\RLZZ.Timesheet.SystemParameter.csproj", "{E1872E6A-B443-4FE6-8F8A-8578CC984F6A}"
EndProject
Project("{FAE04EC0-301F-11D3-BF4B-00C04F79EFBC}") = "RLZZ.Timesheet.AppsMenu", "RLZZ.Timesheet.AppsMenu\RLZZ.Timesheet.AppsMenu.csproj", "{EC64BCF4-0123-4C73-9541-91AF297F599E}"
EndProject
Project("{FAE04EC0-301F-11D3-BF4B-00C04F79EFBC}") = "RLZZ.Timesheet.Task", "RLZZ.Timesheet.Task\RLZZ.Timesheet.Task.csproj", "{3286C14A-A9AA-459A-AA6D-6C579CC6B99D}"
EndProject
Global
	GlobalSection(SolutionConfigurationPlatforms) = preSolution
		Debug|Any CPU = Debug|Any CPU
		Release|Any CPU = Release|Any CPU
	EndGlobalSection
	GlobalSection(ProjectConfigurationPlatforms) = postSolution
		{5A9C7A56-5D28-42A4-A647-BACA5799F345}.Debug|Any CPU.ActiveCfg = Debug|Any CPU
		{5A9C7A56-5D28-42A4-A647-BACA5799F345}.Debug|Any CPU.Build.0 = Debug|Any CPU
		{5A9C7A56-5D28-42A4-A647-BACA5799F345}.Release|Any CPU.ActiveCfg = Release|Any CPU
		{5A9C7A56-5D28-42A4-A647-BACA5799F345}.Release|Any CPU.Build.0 = Release|Any CPU
		{9B88333B-5AA5-4749-BC4E-60509945EB95}.Debug|Any CPU.ActiveCfg = Debug|Any CPU
		{9B88333B-5AA5-4749-BC4E-60509945EB95}.Debug|Any CPU.Build.0 = Debug|Any CPU
		{9B88333B-5AA5-4749-BC4E-60509945EB95}.Release|Any CPU.ActiveCfg = Release|Any CPU
		{9B88333B-5AA5-4749-BC4E-60509945EB95}.Release|Any CPU.Build.0 = Release|Any CPU
		{48802094-2419-472A-9459-AEB39DC6F82C}.Debug|Any CPU.ActiveCfg = Debug|Any CPU
		{48802094-2419-472A-9459-AEB39DC6F82C}.Debug|Any CPU.Build.0 = Debug|Any CPU
		{48802094-2419-472A-9459-AEB39DC6F82C}.Release|Any CPU.ActiveCfg = Release|Any CPU
		{48802094-2419-472A-9459-AEB39DC6F82C}.Release|Any CPU.Build.0 = Release|Any CPU
		{76E1F94A-4B3E-4074-9B30-D1CFC81F3F51}.Debug|Any CPU.ActiveCfg = Debug|Any CPU
		{76E1F94A-4B3E-4074-9B30-D1CFC81F3F51}.Debug|Any CPU.Build.0 = Debug|Any CPU
		{76E1F94A-4B3E-4074-9B30-D1CFC81F3F51}.Release|Any CPU.ActiveCfg = Release|Any CPU
		{76E1F94A-4B3E-4074-9B30-D1CFC81F3F51}.Release|Any CPU.Build.0 = Release|Any CPU
		{9F189024-57A5-4931-B3FA-B36E20CC5350}.Debug|Any CPU.ActiveCfg = Debug|Any CPU
		{9F189024-57A5-4931-B3FA-B36E20CC5350}.Debug|Any CPU.Build.0 = Debug|Any CPU
		{9F189024-57A5-4931-B3FA-B36E20CC5350}.Release|Any CPU.ActiveCfg = Release|Any CPU
		{9F189024-57A5-4931-B3FA-B36E20CC5350}.Release|Any CPU.Build.0 = Release|Any CPU
		{99583CA0-F138-4E96-86CE-BBB6FC110D13}.Debug|Any CPU.ActiveCfg = Debug|Any CPU
		{99583CA0-F138-4E96-86CE-BBB6FC110D13}.Debug|Any CPU.Build.0 = Debug|Any CPU
		{99583CA0-F138-4E96-86CE-BBB6FC110D13}.Release|Any CPU.ActiveCfg = Release|Any CPU
		{99583CA0-F138-4E96-86CE-BBB6FC110D13}.Release|Any CPU.Build.0 = Release|Any CPU
		{8B7981EB-9BE1-48D3-8851-10E15875F091}.Debug|Any CPU.ActiveCfg = Debug|Any CPU
		{8B7981EB-9BE1-48D3-8851-10E15875F091}.Debug|Any CPU.Build.0 = Debug|Any CPU
		{8B7981EB-9BE1-48D3-8851-10E15875F091}.Release|Any CPU.ActiveCfg = Release|Any CPU
		{8B7981EB-9BE1-48D3-8851-10E15875F091}.Release|Any CPU.Build.0 = Release|Any CPU
		{E1872E6A-B443-4FE6-8F8A-8578CC984F6A}.Debug|Any CPU.ActiveCfg = Debug|Any CPU
		{E1872E6A-B443-4FE6-8F8A-8578CC984F6A}.Debug|Any CPU.Build.0 = Debug|Any CPU
		{E1872E6A-B443-4FE6-8F8A-8578CC984F6A}.Release|Any CPU.ActiveCfg = Release|Any CPU
		{E1872E6A-B443-4FE6-8F8A-8578CC984F6A}.Release|Any CPU.Build.0 = Release|Any CPU
		{EC64BCF4-0123-4C73-9541-91AF297F599E}.Debug|Any CPU.ActiveCfg = Debug|Any CPU
		{EC64BCF4-0123-4C73-9541-91AF297F599E}.Debug|Any CPU.Build.0 = Debug|Any CPU
		{EC64BCF4-0123-4C73-9541-91AF297F599E}.Release|Any CPU.ActiveCfg = Release|Any CPU
		{EC64BCF4-0123-4C73-9541-91AF297F599E}.Release|Any CPU.Build.0 = Release|Any CPU
		{3286C14A-A9AA-459A-AA6D-6C579CC6B99D}.Debug|Any CPU.ActiveCfg = Debug|Any CPU
		{3286C14A-A9AA-459A-AA6D-6C579CC6B99D}.Debug|Any CPU.Build.0 = Debug|Any CPU
		{3286C14A-A9AA-459A-AA6D-6C579CC6B99D}.Release|Any CPU.ActiveCfg = Release|Any CPU
		{3286C14A-A9AA-459A-AA6D-6C579CC6B99D}.Release|Any CPU.Build.0 = Release|Any CPU
	EndGlobalSection
	GlobalSection(NestedProjects) = preSolution
		{9B88333B-5AA5-4749-BC4E-60509945EB95} = {717C019A-42EB-4399-B6C5-23DCCD93BF33}
		{48802094-2419-472A-9459-AEB39DC6F82C} = {717C019A-42EB-4399-B6C5-23DCCD93BF33}
		{76E1F94A-4B3E-4074-9B30-D1CFC81F3F51} = {717C019A-42EB-4399-B6C5-23DCCD93BF33}
		{9F189024-57A5-4931-B3FA-B36E20CC5350} = {717C019A-42EB-4399-B6C5-23DCCD93BF33}
		{99583CA0-F138-4E96-86CE-BBB6FC110D13} = {717C019A-42EB-4399-B6C5-23DCCD93BF33}
		{8B7981EB-9BE1-48D3-8851-10E15875F091} = {717C019A-42EB-4399-B6C5-23DCCD93BF33}
		{E1872E6A-B443-4FE6-8F8A-8578CC984F6A} = {717C019A-42EB-4399-B6C5-23DCCD93BF33}
		{EC64BCF4-0123-4C73-9541-91AF297F599E} = {717C019A-42EB-4399-B6C5-23DCCD93BF33}
		{3286C14A-A9AA-459A-AA6D-6C579CC6B99D} = {717C019A-42EB-4399-B6C5-23DCCD93BF33}
	EndGlobalSection
EndGlobal
